
Microsoft Visual Studio Solution File, Format Version 12.00
# Visual Studio Version 17
VisualStudioVersion = 17.3.32929.385
MinimumVisualStudioVersion = 10.0.40219.1
Project("{FAE04EC0-301F-11D3-BF4B-00C04F79EFBC}") = "Max Number", "Max Number.csproj", "{D02F82B1-9894-4A21-A853-01F6E84DFACD}"
EndProject
Global
	GlobalSection(SolutionConfigurationPlatforms) = preSolution
		Debug|Any CPU = Debug|Any CPU
		Release|Any CPU = Release|Any CPU
	EndGlobalSection
	GlobalSection(ProjectConfigurationPlatforms) = postSolution
		{D02F82B1-9894-4A21-A853-01F6E84DFACD}.Debug|Any CPU.ActiveCfg = Debug|Any CPU
		{D02F82B1-9894-4A21-A853-01F6E84DFACD}.Debug|Any CPU.Build.0 = Debug|Any CPU
		{D02F82B1-9894-4A21-A853-01F6E84DFACD}.Release|Any CPU.ActiveCfg = Release|Any CPU
		{D02F82B1-9894-4A21-A853-01F6E84DFACD}.Release|Any CPU.Build.0 = Release|Any CPU
	EndGlobalSection
	GlobalSection(SolutionProperties) = preSolution
		HideSolutionNode = FALSE
	EndGlobalSection
	GlobalSection(ExtensibilityGlobals) = postSolution
		SolutionGuid = {E82A61E0-C040-49BE-9620-68B516CDDCF5}
	EndGlobalSection
EndGlobal
